// !$*UTF8*$!
{
	archiveVersion = 1;
	classes = {
	};
	objectVersion = 46;
	objects = {

/* Begin PBXBuildFile section */
		748E0F801EB78E040077560F /* main.m in Sources */ = {isa = PBXBuildFile; fileRef = 748E0F7F1EB78E040077560F /* main.m */; };
		748E0F831EB78E040077560F /* AppDelegate.m in Sources */ = {isa = PBXBuildFile; fileRef = 748E0F821EB78E040077560F /* AppDelegate.m */; };
		748E0F861EB78E040077560F /* ViewController.m in Sources */ = {isa = PBXBuildFile; fileRef = 748E0F851EB78E040077560F /* ViewController.m */; };
		748E0F891EB78E040077560F /* Main.storyboard in Resources */ = {isa = PBXBuildFile; fileRef = 748E0F871EB78E040077560F /* Main.storyboard */; };
		748E0F8B1EB78E040077560F /* Assets.xcassets in Resources */ = {isa = PBXBuildFile; fileRef = 748E0F8A1EB78E040077560F /* Assets.xcassets */; };
		748E0F8E1EB78E040077560F /* LaunchScreen.storyboard in Resources */ = {isa = PBXBuildFile; fileRef = 748E0F8C1EB78E040077560F /* LaunchScreen.storyboard */; };
		748E0F991EB78E040077560F /* SLTMVCSTests.m in Sources */ = {isa = PBXBuildFile; fileRef = 748E0F981EB78E040077560F /* SLTMVCSTests.m */; };
/* End PBXBuildFile section */

/* Begin PBXContainerItemProxy section */
		748E0F951EB78E040077560F /* PBXContainerItemProxy */ = {
			isa = PBXContainerItemProxy;
			containerPortal = 748E0F731EB78E040077560F /* Project object */;
			proxyType = 1;
			remoteGlobalIDString = 748E0F7A1EB78E040077560F;
			remoteInfo = SLTMVCS;
		};
/* End PBXContainerItemProxy section */

/* Begin PBXFileReference section */
		748E0F7B1EB78E040077560F /* SLTMVCS.app */ = {isa = PBXFileReference; explicitFileType = wrapper.application; includeInIndex = 0; path = SLTMVCS.app; sourceTree = BUILT_PRODUCTS_DIR; };
		748E0F7F1EB78E040077560F /* main.m */ = {isa = PBXFileReference; lastKnownFileType = sourcecode.c.objc; path = main.m; sourceTree = "<group>"; };
		748E0F811EB78E040077560F /* AppDelegate.h */ = {isa = PBXFileReference; lastKnownFileType = sourcecode.c.h; path = AppDelegate.h; sourceTree = "<group>"; };
		748E0F821EB78E040077560F /* AppDelegate.m */ = {isa = PBXFileReference; lastKnownFileType = sourcecode.c.objc; path = AppDelegate.m; sourceTree = "<group>"; };
		748E0F841EB78E040077560F /* ViewController.h */ = {isa = PBXFileReference; lastKnownFileType = sourcecode.c.h; path = ViewController.h; sourceTree = "<group>"; };
		748E0F851EB78E040077560F /* ViewController.m */ = {isa = PBXFileReference; lastKnownFileType = sourcecode.c.objc; path = ViewController.m; sourceTree = "<group>"; };
		748E0F881EB78E040077560F /* Base */ = {isa = PBXFileReference; lastKnownFileType = file.storyboard; name = Base; path = Base.lproj/Main.storyboard; sourceTree = "<group>"; };
		748E0F8A1EB78E040077560F /* Assets.xcassets */ = {isa = PBXFileReference; lastKnownFileType = folder.assetcatalog; path = Assets.xcassets; sourceTree = "<group>"; };
		748E0F8D1EB78E040077560F /* Base */ = {isa = PBXFileReference; lastKnownFileType = file.storyboard; name = Base; path = Base.lproj/LaunchScreen.storyboard; sourceTree = "<group>"; };
		748E0F8F1EB78E040077560F /* Info.plist */ = {isa = PBXFileReference; lastKnownFileType = text.plist.xml; path = Info.plist; sourceTree = "<group>"; };
		748E0F941EB78E040077560F /* SLTMVCSTests.xctest */ = {isa = PBXFileReference; explicitFileType = wrapper.cfbundle; includeInIndex = 0; path = SLTMVCSTests.xctest; sourceTree = BUILT_PRODUCTS_DIR; };
		748E0F981EB78E040077560F /* SLTMVCSTests.m */ = {isa = PBXFileReference; lastKnownFileType = sourcecode.c.objc; path = SLTMVCSTests.m; sourceTree = "<group>"; };
		748E0F9A1EB78E040077560F /* Info.plist */ = {isa = PBXFileReference; lastKnownFileType = text.plist.xml; path = Info.plist; sourceTree = "<group>"; };
/* End PBXFileReference section */

/* Begin PBXFrameworksBuildPhase section */
		748E0F781EB78E040077560F /* Frameworks */ = {
			isa = PBXFrameworksBuildPhase;
			buildActionMask = 2147483647;
			files = (
			);
			runOnlyForDeploymentPostprocessing = 0;
		};
		748E0F911EB78E040077560F /* Frameworks */ = {
			isa = PBXFrameworksBuildPhase;
			buildActionMask = 2147483647;
			files = (
			);
			runOnlyForDeploymentPostprocessing = 0;
		};
/* End PBXFrameworksBuildPhase section */

/* Begin PBXGroup section */
		748E0F721EB78E040077560F = {
			isa = PBXGroup;
			children = (
				748E0F7D1EB78E040077560F /* SLTMVCS */,
				748E0F971EB78E040077560F /* SLTMVCSTests */,
				748E0F7C1EB78E040077560F /* Products */,
			);
			sourceTree = "<group>";
		};
		748E0F7C1EB78E040077560F /* Products */ = {
			isa = PBXGroup;
			children = (
				748E0F7B1EB78E040077560F /* SLTMVCS.app */,
				748E0F941EB78E040077560F /* SLTMVCSTests.xctest */,
			);
			name = Products;
			sourceTree = "<group>";
		};
		748E0F7D1EB78E040077560F /* SLTMVCS */ = {
			isa = PBXGroup;
			children = (
				748E0F811EB78E040077560F /* AppDelegate.h */,
				748E0F821EB78E040077560F /* AppDelegate.m */,
				748E0F841EB78E040077560F /* ViewController.h */,
				748E0F851EB78E040077560F /* ViewController.m */,
				748E0F871EB78E040077560F /* Main.storyboard */,
				748E0F8A1EB78E040077560F /* Assets.xcassets */,
				748E0F8C1EB78E040077560F /* LaunchScreen.storyboard */,
				748E0F8F1EB78E040077560F /* Info.plist */,
				748E0F7E1EB78E040077560F /* Supporting Files */,
			);
			path = SLTMVCS;
			sourceTree = "<group>";
		};
		748E0F7E1EB78E040077560F /* Supporting Files */ = {
			isa = PBXGroup;
			children = (
				748E0F7F1EB78E040077560F /* main.m */,
			);
			name = "Supporting Files";
			sourceTree = "<group>";
		};
		748E0F971EB78E040077560F /* SLTMVCSTests */ = {
			isa = PBXGroup;
			children = (
				748E0F981EB78E040077560F /* SLTMVCSTests.m */,
				748E0F9A1EB78E040077560F /* Info.plist */,
			);
			path = SLTMVCSTests;
			sourceTree = "<group>";
		};
/* End PBXGroup section */

/* Begin PBXNativeTarget section */
		748E0F7A1EB78E040077560F /* SLTMVCS */ = {
			isa = PBXNativeTarget;
			buildConfigurationList = 748E0F9D1EB78E040077560F /* Build configuration list for PBXNativeTarget "SLTMVCS" */;
			buildPhases = (
				748E0F771EB78E040077560F /* Sources */,
				748E0F781EB78E040077560F /* Frameworks */,
				748E0F791EB78E040077560F /* Resources */,
			);
			buildRules = (
			);
			dependencies = (
			);
			name = SLTMVCS;
			productName = SLTMVCS;
			productReference = 748E0F7B1EB78E040077560F /* SLTMVCS.app */;
			productType = "com.apple.product-type.application";
		};
		748E0F931EB78E040077560F /* SLTMVCSTests */ = {
			isa = PBXNativeTarget;
			buildConfigurationList = 748E0FA01EB78E040077560F /* Build configuration list for PBXNativeTarget "SLTMVCSTests" */;
			buildPhases = (
				748E0F901EB78E040077560F /* Sources */,
				748E0F911EB78E040077560F /* Frameworks */,
				748E0F921EB78E040077560F /* Resources */,
			);
			buildRules = (
			);
			dependencies = (
				748E0F961EB78E040077560F /* PBXTargetDependency */,
			);
			name = SLTMVCSTests;
			productName = SLTMVCSTests;
			productReference = 748E0F941EB78E040077560F /* SLTMVCSTests.xctest */;
			productType = "com.apple.product-type.bundle.unit-test";
		};
/* End PBXNativeTarget section */

/* Begin PBXProject section */
		748E0F731EB78E040077560F /* Project object */ = {
			isa = PBXProject;
			attributes = {
				LastUpgradeCheck = 0830;
				ORGANIZATIONNAME = LiuShulong;
				TargetAttributes = {
					748E0F7A1EB78E040077560F = {
						CreatedOnToolsVersion = 8.3.2;
						DevelopmentTeam = YREGVU8659;
						ProvisioningStyle = Automatic;
					};
					748E0F931EB78E040077560F = {
						CreatedOnToolsVersion = 8.3.2;
						DevelopmentTeam = YREGVU8659;
						ProvisioningStyle = Automatic;
						TestTargetID = 748E0F7A1EB78E040077560F;
					};
				};
			};
			buildConfigurationList = 748E0F761EB78E040077560F /* Build configuration list for PBXProject "SLTMVCS" */;
			compatibilityVersion = "Xcode 3.2";
			developmentRegion = English;
			hasScannedForEncodings = 0;
			knownRegions = (
				en,
				Base,
			);
			mainGroup = 748E0F721EB78E040077560F;
			productRefGroup = 748E0F7C1EB78E040077560F /* Products */;
			projectDirPath = "";
			projectRoot = "";
			targets = (
				748E0F7A1EB78E040077560F /* SLTMVCS */,
				748E0F931EB78E040077560F /* SLTMVCSTests */,
			);
		};
/* End PBXProject section */

/* Begin PBXResourcesBuildPhase section */
		748E0F791EB78E040077560F /* Resources */ = {
			isa = PBXResourcesBuildPhase;
			buildActionMask = 2147483647;
			files = (
				748E0F8E1EB78E040077560F /* LaunchScreen.storyboard in Resources */,
				748E0F8B1EB78E040077560F /* Assets.xcassets in Resources */,
				748E0F891EB78E040077560F /* Main.storyboard in Resources */,
			);
			runOnlyForDeploymentPostprocessing = 0;
		};
		748E0F921EB78E040077560F /* Resources */ = {
			isa = PBXResourcesBuildPhase;
			buildActionMask = 2147483647;
			files = (
			);
			runOnlyForDeploymentPostprocessing = 0;
		};
/* End PBXResourcesBuildPhase section */

/* Begin PBXSourcesBuildPhase section */
		748E0F771EB78E040077560F /* Sources */ = {
			isa = PBXSourcesBuildPhase;
			buildActionMask = 2147483647;
			files = (
				748E0F861EB78E040077560F /* ViewController.m in Sources */,
				748E0F831EB78E040077560F /* AppDelegate.m in Sources */,
				748E0F801EB78E040077560F /* main.m in Sources */,
			);
			runOnlyForDeploymentPostprocessing = 0;
		};
		748E0F901EB78E040077560F /* Sources */ = {
			isa = PBXSourcesBuildPhase;
			buildActionMask = 2147483647;
			files = (
				748E0F991EB78E040077560F /* SLTMVCSTests.m in Sources */,
			);
			runOnlyForDeploymentPostprocessing = 0;
		};
/* End PBXSourcesBuildPhase section */

/* Begin PBXTargetDependency section */
		748E0F961EB78E040077560F /* PBXTargetDependency */ = {
			isa = PBXTargetDependency;
			target = 748E0F7A1EB78E040077560F /* SLTMVCS */;
			targetProxy = 748E0F951EB78E040077560F /* PBXContainerItemProxy */;
		};
/* End PBXTargetDependency section */

/* Begin PBXVariantGroup section */
		748E0F871EB78E040077560F /* Main.storyboard */ = {
			isa = PBXVariantGroup;
			children = (
				748E0F881EB78E040077560F /* Base */,
			);
			name = Main.storyboard;
			sourceTree = "<group>";
		};
		748E0F8C1EB78E040077560F /* LaunchScreen.storyboard */ = {
			isa = PBXVariantGroup;
			children = (
				748E0F8D1EB78E040077560F /* Base */,
			);
			name = LaunchScreen.storyboard;
			sourceTree = "<group>";
		};
/* End PBXVariantGroup section */

/* Begin XCBuildConfiguration section */
		748E0F9B1EB78E040077560F /* Debug */ = {
			isa = XCBuildConfiguration;
			buildSettings = {
				ALWAYS_SEARCH_USER_PATHS = NO;
				CLANG_ANALYZER_NONNULL = YES;
				CLANG_ANALYZER_NUMBER_OBJECT_CONVERSION = YES_AGGRESSIVE;
				CLANG_CXX_LANGUAGE_STANDARD = "gnu++0x";
				CLANG_CXX_LIBRARY = "libc++";
				CLANG_ENABLE_MODULES = YES;
				CLANG_ENABLE_OBJC_ARC = YES;
				CLANG_WARN_BOOL_CONVERSION = YES;
				CLANG_WARN_CONSTANT_CONVERSION = YES;
				CLANG_WARN_DIRECT_OBJC_ISA_USAGE = YES_ERROR;
				CLANG_WARN_DOCUMENTATION_COMMENTS = YES;
				CLANG_WARN_EMPTY_BODY = YES;
				CLANG_WARN_ENUM_CONVERSION = YES;
				CLANG_WARN_INFINITE_RECURSION = YES;
				CLANG_WARN_INT_CONVERSION = YES;
				CLANG_WARN_OBJC_ROOT_CLASS = YES_ERROR;
				CLANG_WARN_SUSPICIOUS_MOVE = YES;
				CLANG_WARN_UNREACHABLE_CODE = YES;
				CLANG_WARN__DUPLICATE_METHOD_MATCH = YES;
				"CODE_SIGN_IDENTITY[sdk=iphoneos*]" = "iPhone Developer";
				COPY_PHASE_STRIP = NO;
				DEBUG_INFORMATION_FORMAT = dwarf;
				ENABLE_STRICT_OBJC_MSGSEND = YES;
				ENABLE_TESTABILITY = YES;
				GCC_C_LANGUAGE_STANDARD = gnu99;
				GCC_DYNAMIC_NO_PIC = NO;
				GCC_NO_COMMON_BLOCKS = YES;
				GCC_OPTIMIZATION_LEVEL = 0;
				GCC_PREPROCESSOR_DEFINITIONS = (
					"DEBUG=1",
					"$(inherited)",
				);
				GCC_WARN_64_TO_32_BIT_CONVERSION = YES;
				GCC_WARN_ABOUT_RETURN_TYPE = YES_ERROR;
				GCC_WARN_UNDECLARED_SELECTOR = YES;
				GCC_WARN_UNINITIALIZED_AUTOS = YES_AGGRESSIVE;
				GCC_WARN_UNUSED_FUNCTION = YES;
				GCC_WARN_UNUSED_VARIABLE = YES;
				IPHONEOS_DEPLOYMENT_TARGET = 10.3;
				MTL_ENABLE_DEBUG_INFO = YES;
				ONLY_ACTIVE_ARCH = YES;
				SDKROOT = iphoneos;
				TARGETED_DEVICE_FAMILY = "1,2";
			};
			name = Debug;
		};
		748E0F9C1EB78E040077560F /* Release */ = {
			isa = XCBuildConfiguration;
			buildSettings = {
				ALWAYS_SEARCH_USER_PATHS = NO;
				CLANG_ANALYZER_NONNULL = YES;
				CLANG_ANALYZER_NUMBER_OBJECT_CONVERSION = YES_AGGRESSIVE;
				CLANG_CXX_LANGUAGE_STANDARD = "gnu++0x";
				CLANG_CXX_LIBRARY = "libc++";
				CLANG_ENABLE_MODULES = YES;
				CLANG_ENABLE_OBJC_ARC = YES;
				CLANG_WARN_BOOL_CONVERSION = YES;
				CLANG_WARN_CONSTANT_CONVERSION = YES;
				CLANG_WARN_DIRECT_OBJC_ISA_USAGE = YES_ERROR;
				CLANG_WARN_DOCUMENTATION_COMMENTS = YES;
				CLANG_WARN_EMPTY_BODY = YES;
				CLANG_WARN_ENUM_CONVERSION = YES;
				CLANG_WARN_INFINITE_RECURSION = YES;
				CLANG_WARN_INT_CONVERSION = YES;
				CLANG_WARN_OBJC_ROOT_CLASS = YES_ERROR;
				CLANG_WARN_SUSPICIOUS_MOVE = YES;
				CLANG_WARN_UNREACHABLE_CODE = YES;
				CLANG_WARN__DUPLICATE_METHOD_MATCH = YES;
				"CODE_SIGN_IDENTITY[sdk=iphoneos*]" = "iPhone Developer";
				COPY_PHASE_STRIP = NO;
				DEBUG_INFORMATION_FORMAT = "dwarf-with-dsym";
				ENABLE_NS_ASSERTIONS = NO;
				ENABLE_STRICT_OBJC_MSGSEND = YES;
				GCC_C_LANGUAGE_STANDARD = gnu99;
				GCC_NO_COMMON_BLOCKS = YES;
				GCC_WARN_64_TO_32_BIT_CONVERSION = YES;
				GCC_WARN_ABOUT_RETURN_TYPE = YES_ERROR;
				GCC_WARN_UNDECLARED_SELECTOR = YES;
				GCC_WARN_UNINITIALIZED_AUTOS = YES_AGGRESSIVE;
				GCC_WARN_UNUSED_FUNCTION = YES;
				GCC_WARN_UNUSED_VARIABLE = YES;
				IPHONEOS_DEPLOYMENT_TARGET = 10.3;
				MTL_ENABLE_DEBUG_INFO = NO;
				SDKROOT = iphoneos;
				TARGETED_DEVICE_FAMILY = "1,2";
				VALIDATE_PRODUCT = YES;
			};
			name = Release;
		};
		748E0F9E1EB78E040077560F /* Debug */ = {
			isa = XCBuildConfiguration;
			buildSettings = {
				ASSETCATALOG_COMPILER_APPICON_NAME = AppIcon;
				DEVELOPMENT_TEAM = YREGVU8659;
				INFOPLIST_FILE = SLTMVCS/Info.plist;
				LD_RUNPATH_SEARCH_PATHS = "$(inherited) @executable_path/Frameworks";
				PRODUCT_BUNDLE_IDENTIFIER = com.liushulong.SLTMVCS;
				PRODUCT_NAME = "$(TARGET_NAME)";
			};
			name = Debug;
		};
		748E0F9F1EB78E040077560F /* Release */ = {
			isa = XCBuildConfiguration;
			buildSettings = {
				ASSETCATALOG_COMPILER_APPICON_NAME = AppIcon;
				DEVELOPMENT_TEAM = YREGVU8659;
				INFOPLIST_FILE = SLTMVCS/Info.plist;
				LD_RUNPATH_SEARCH_PATHS = "$(inherited) @executable_path/Frameworks";
				PRODUCT_BUNDLE_IDENTIFIER = com.liushulong.SLTMVCS;
				PRODUCT_NAME = "$(TARGET_NAME)";
			};
			name = Release;
		};
		748E0FA11EB78E040077560F /* Debug */ = {
			isa = XCBuildConfiguration;
			buildSettings = {
				BUNDLE_LOADER = "$(TEST_HOST)";
				DEVELOPMENT_TEAM = YREGVU8659;
				INFOPLIST_FILE = SLTMVCSTests/Info.plist;
				LD_RUNPATH_SEARCH_PATHS = "$(inherited) @executable_path/Frameworks @loader_path/Frameworks";
				PRODUCT_BUNDLE_IDENTIFIER = com.liushulong.SLTMVCSTests;
				PRODUCT_NAME = "$(TARGET_NAME)";
				TEST_HOST = "$(BUILT_PRODUCTS_DIR)/SLTMVCS.app/SLTMVCS";
			};
			name = Debug;
		};
		748E0FA21EB78E040077560F /* Release */ = {
			isa = XCBuildConfiguration;
			buildSettings = {
				BUNDLE_LOADER = "$(TEST_HOST)";
				DEVELOPMENT_TEAM = YREGVU8659;
				INFOPLIST_FILE = SLTMVCSTests/Info.plist;
				LD_RUNPATH_SEARCH_PATHS = "$(inherited) @executable_path/Frameworks @loader_path/Frameworks";
				PRODUCT_BUNDLE_IDENTIFIER = com.liushulong.SLTMVCSTests;
				PRODUCT_NAME = "$(TARGET_NAME)";
				TEST_HOST = "$(BUILT_PRODUCTS_DIR)/SLTMVCS.app/SLTMVCS";
			};
			name = Release;
		};
/* End XCBuildConfiguration section */

/* Begin XCConfigurationList section */
		748E0F761EB78E040077560F /* Build configuration list for PBXProject "SLTMVCS" */ = {
			isa = XCConfigurationList;
			buildConfigurations = (
				748E0F9B1EB78E040077560F /* Debug */,
				748E0F9C1EB78E040077560F /* Release */,
			);
			defaultConfigurationIsVisible = 0;
			defaultConfigurationName = Release;
		};
		748E0F9D1EB78E040077560F /* Build configuration list for PBXNativeTarget "SLTMVCS" */ = {
			isa = XCConfigurationList;
			buildConfigurations = (
				748E0F9E1EB78E040077560F /* Debug */,
				748E0F9F1EB78E040077560F /* Release */,
			);
			defaultConfigurationIsVisible = 0;
		};
		748E0FA01EB78E040077560F /* Build configuration list for PBXNativeTarget "SLTMVCSTests" */ = {
			isa = XCConfigurationList;
			buildConfigurations = (
				748E0FA11EB78E040077560F /* Debug */,
				748E0FA21EB78E040077560F /* Release */,
			);
			defaultConfigurationIsVisible = 0;
		};
/* End XCConfigurationList section */
	};
	rootObject = 748E0F731EB78E040077560F /* Project object */;
}
